
Microsoft Visual Studio Solution File, Format Version 12.00
# Visual Studio Version 17
VisualStudioVersion = 17.7.34221.43
MinimumVisualStudioVersion = 10.0.40219.1
Project("{9A19103F-16F7-4668-BE54-9A1E7A4F7556}") = "Star Wars API Wrapper", "Star Wars API Wrapper\Star Wars API Wrapper.csproj", "{4CE05540-3573-4058-ABFE-FE45D282B428}"
EndProject
Global
	GlobalSection(SolutionConfigurationPlatforms) = preSolution
		Debug|Any CPU = Debug|Any CPU
		Release|Any CPU = Release|Any CPU
	EndGlobalSection
	GlobalSection(ProjectConfigurationPlatforms) = postSolution
		{4CE05540-3573-4058-ABFE-FE45D282B428}.Debug|Any CPU.ActiveCfg = Debug|Any CPU
		{4CE05540-3573-4058-ABFE-FE45D282B428}.Debug|Any CPU.Build.0 = Debug|Any CPU
		{4CE05540-3573-4058-ABFE-FE45D282B428}.Release|Any CPU.ActiveCfg = Release|Any CPU
		{4CE05540-3573-4058-ABFE-FE45D282B428}.Release|Any CPU.Build.0 = Release|Any CPU
	EndGlobalSection
	GlobalSection(SolutionProperties) = preSolution
		HideSolutionNode = FALSE
	EndGlobalSection
	GlobalSection(ExtensibilityGlobals) = postSolution
		SolutionGuid = {E5A4250F-0922-471B-97AC-D0D425C17883}
	EndGlobalSection
EndGlobal
